
Microsoft Visual Studio Solution File, Format Version 12.00
# Visual Studio Version 17
VisualStudioVersion = 17.7.34031.279
MinimumVisualStudioVersion = 10.0.40219.1
Project("{FAE04EC0-301F-11D3-BF4B-00C04F79EFBC}") = "thtuan1111", "thtuan1111\thtuan1111.csproj", "{4224D63A-E4D4-49FD-BFB2-F96C2BE8D8ED}"
EndProject
Global
	GlobalSection(SolutionConfigurationPlatforms) = preSolution
		Debug|Any CPU = Debug|Any CPU
		Release|Any CPU = Release|Any CPU
	EndGlobalSection
	GlobalSection(ProjectConfigurationPlatforms) = postSolution
		{4224D63A-E4D4-49FD-BFB2-F96C2BE8D8ED}.Debug|Any CPU.ActiveCfg = Debug|Any CPU
		{4224D63A-E4D4-49FD-BFB2-F96C2BE8D8ED}.Debug|Any CPU.Build.0 = Debug|Any CPU
		{4224D63A-E4D4-49FD-BFB2-F96C2BE8D8ED}.Release|Any CPU.ActiveCfg = Release|Any CPU
		{4224D63A-E4D4-49FD-BFB2-F96C2BE8D8ED}.Release|Any CPU.Build.0 = Release|Any CPU
	EndGlobalSection
	GlobalSection(SolutionProperties) = preSolution
		HideSolutionNode = FALSE
	EndGlobalSection
	GlobalSection(ExtensibilityGlobals) = postSolution
		SolutionGuid = {43627AE6-86C7-4981-8769-273895F97044}
	EndGlobalSection
EndGlobal
